
Microsoft Visual Studio Solution File, Format Version 12.00
# Visual Studio 15
VisualStudioVersion = 15.0.26228.9
MinimumVisualStudioVersion = 10.0.40219.1
Project("{FAE04EC0-301F-11D3-BF4B-00C04F79EFBC}") = "TreeNodes.Test", "TreeNodes.Test\TreeNodes.Test.csproj", "{D503B93F-D9AE-40A5-953A-E18DF2CA7D30}"
EndProject
Project("{FAE04EC0-301F-11D3-BF4B-00C04F79EFBC}") = "TreeNodes", "TreeNodes\TreeNodes.csproj", "{20085AC9-CF72-4FD2-BA2B-CF733DFB06CF}"
EndProject
Global
	GlobalSection(SolutionConfigurationPlatforms) = preSolution
		Debug|Any CPU = Debug|Any CPU
		Release|Any CPU = Release|Any CPU
	EndGlobalSection
	GlobalSection(ProjectConfigurationPlatforms) = postSolution
		{D503B93F-D9AE-40A5-953A-E18DF2CA7D30}.Debug|Any CPU.ActiveCfg = Debug|Any CPU
		{D503B93F-D9AE-40A5-953A-E18DF2CA7D30}.Debug|Any CPU.Build.0 = Debug|Any CPU
		{D503B93F-D9AE-40A5-953A-E18DF2CA7D30}.Release|Any CPU.ActiveCfg = Release|Any CPU
		{D503B93F-D9AE-40A5-953A-E18DF2CA7D30}.Release|Any CPU.Build.0 = Release|Any CPU
		{20085AC9-CF72-4FD2-BA2B-CF733DFB06CF}.Debug|Any CPU.ActiveCfg = Debug|Any CPU
		{20085AC9-CF72-4FD2-BA2B-CF733DFB06CF}.Debug|Any CPU.Build.0 = Debug|Any CPU
		{20085AC9-CF72-4FD2-BA2B-CF733DFB06CF}.Release|Any CPU.ActiveCfg = Release|Any CPU
		{20085AC9-CF72-4FD2-BA2B-CF733DFB06CF}.Release|Any CPU.Build.0 = Release|Any CPU
	EndGlobalSection
	GlobalSection(SolutionProperties) = preSolution
		HideSolutionNode = FALSE
	EndGlobalSection
EndGlobal
